// !$*UTF8*$!
{
	archiveVersion = 1;
	classes = {
	};
	objectVersion = 56;
	objects = {

/* Begin PBXBuildFile section */
		35C8F3B32C85B16000123A91 /* AppDelegate.swift in Sources */ = {isa = PBXBuildFile; fileRef = 35C8F3B22C85B16000123A91 /* AppDelegate.swift */; };
		35C8F3B52C85B16000123A91 /* SceneDelegate.swift in Sources */ = {isa = PBXBuildFile; fileRef = 35C8F3B42C85B16000123A91 /* SceneDelegate.swift */; };
		35C8F3B72C85B16000123A91 /* MainTabBarViewController.swift in Sources */ = {isa = PBXBuildFile; fileRef = 35C8F3B62C85B16000123A91 /* MainTabBarViewController.swift */; };
		35C8F3BC2C85B16100123A91 /* Assets.xcassets in Resources */ = {isa = PBXBuildFile; fileRef = 35C8F3BB2C85B16100123A91 /* Assets.xcassets */; };
		35C8F3BF2C85B16100123A91 /* LaunchScreen.storyboard in Resources */ = {isa = PBXBuildFile; fileRef = 35C8F3BD2C85B16100123A91 /* LaunchScreen.storyboard */; };
		35C8F3CA2C85B42000123A91 /* HomeViewController.swift in Sources */ = {isa = PBXBuildFile; fileRef = 35C8F3C92C85B42000123A91 /* HomeViewController.swift */; };
		35C8F3CD2C85B53B00123A91 /* SearchViewController.swift in Sources */ = {isa = PBXBuildFile; fileRef = 35C8F3CC2C85B53B00123A91 /* SearchViewController.swift */; };
		35C8F3D02C85B55300123A91 /* NotificationsViewController.swift in Sources */ = {isa = PBXBuildFile; fileRef = 35C8F3CF2C85B55300123A91 /* NotificationsViewController.swift */; };
		35C8F3D32C85B56800123A91 /* DirectMessagesViewController.swift in Sources */ = {isa = PBXBuildFile; fileRef = 35C8F3D22C85B56800123A91 /* DirectMessagesViewController.swift */; };
		35C8F3D72C85BC1300123A91 /* TweetTableViewCell.swift in Sources */ = {isa = PBXBuildFile; fileRef = 35C8F3D62C85BC1300123A91 /* TweetTableViewCell.swift */; };
		35C8F3DA2C85D99E00123A91 /* ProfileViewController.swift in Sources */ = {isa = PBXBuildFile; fileRef = 35C8F3D92C85D99E00123A91 /* ProfileViewController.swift */; };
		35C8F3DC2C85DC6700123A91 /* ProfileTableViewHeader.swift in Sources */ = {isa = PBXBuildFile; fileRef = 35C8F3DB2C85DC6700123A91 /* ProfileTableViewHeader.swift */; };
		35C8F3DE2C870C7900123A91 /* GoogleService-Info.plist in Resources */ = {isa = PBXBuildFile; fileRef = 35C8F3DD2C870C7900123A91 /* GoogleService-Info.plist */; };
		35C8F3EB2C870D8100123A91 /* FirebaseAuth in Frameworks */ = {isa = PBXBuildFile; productRef = 35C8F3EA2C870D8100123A91 /* FirebaseAuth */; };
		35C8F3ED2C870D8100123A91 /* FirebaseAuthCombine-Community in Frameworks */ = {isa = PBXBuildFile; productRef = 35C8F3EC2C870D8100123A91 /* FirebaseAuthCombine-Community */; };
		35C8F3F12C870D8100123A91 /* FirebaseDatabase in Frameworks */ = {isa = PBXBuildFile; productRef = 35C8F3F02C870D8100123A91 /* FirebaseDatabase */; };
		35C8F3F52C870D8100123A91 /* FirebaseFirestore in Frameworks */ = {isa = PBXBuildFile; productRef = 35C8F3F42C870D8100123A91 /* FirebaseFirestore */; };
		35C8F3F72C870D8100123A91 /* FirebaseFirestoreCombine-Community in Frameworks */ = {isa = PBXBuildFile; productRef = 35C8F3F62C870D8100123A91 /* FirebaseFirestoreCombine-Community */; };
		35C8F4092C870D8100123A91 /* FirebaseStorage in Frameworks */ = {isa = PBXBuildFile; productRef = 35C8F4082C870D8100123A91 /* FirebaseStorage */; };
		35C8F40B2C870D8100123A91 /* FirebaseStorageCombine-Community in Frameworks */ = {isa = PBXBuildFile; productRef = 35C8F40A2C870D8100123A91 /* FirebaseStorageCombine-Community */; };
		35C8F4112C87115900123A91 /* OnboardingViewController.swift in Sources */ = {isa = PBXBuildFile; fileRef = 35C8F4102C87115900123A91 /* OnboardingViewController.swift */; };
/* End PBXBuildFile section */

/* Begin PBXFileReference section */
		35C8F3AF2C85B16000123A91 /* Twitter-Clone.app */ = {isa = PBXFileReference; explicitFileType = wrapper.application; includeInIndex = 0; path = "Twitter-Clone.app"; sourceTree = BUILT_PRODUCTS_DIR; };
		35C8F3B22C85B16000123A91 /* AppDelegate.swift */ = {isa = PBXFileReference; lastKnownFileType = sourcecode.swift; path = AppDelegate.swift; sourceTree = "<group>"; };
		35C8F3B42C85B16000123A91 /* SceneDelegate.swift */ = {isa = PBXFileReference; lastKnownFileType = sourcecode.swift; path = SceneDelegate.swift; sourceTree = "<group>"; };
		35C8F3B62C85B16000123A91 /* MainTabBarViewController.swift */ = {isa = PBXFileReference; lastKnownFileType = sourcecode.swift; path = MainTabBarViewController.swift; sourceTree = "<group>"; };
		35C8F3BB2C85B16100123A91 /* Assets.xcassets */ = {isa = PBXFileReference; lastKnownFileType = folder.assetcatalog; path = Assets.xcassets; sourceTree = "<group>"; };
		35C8F3BE2C85B16100123A91 /* Base */ = {isa = PBXFileReference; lastKnownFileType = file.storyboard; name = Base; path = Base.lproj/LaunchScreen.storyboard; sourceTree = "<group>"; };
		35C8F3C02C85B16100123A91 /* Info.plist */ = {isa = PBXFileReference; lastKnownFileType = text.plist.xml; path = Info.plist; sourceTree = "<group>"; };
		35C8F3C92C85B42000123A91 /* HomeViewController.swift */ = {isa = PBXFileReference; lastKnownFileType = sourcecode.swift; path = HomeViewController.swift; sourceTree = "<group>"; };
		35C8F3CC2C85B53B00123A91 /* SearchViewController.swift */ = {isa = PBXFileReference; lastKnownFileType = sourcecode.swift; path = SearchViewController.swift; sourceTree = "<group>"; };
		35C8F3CF2C85B55300123A91 /* NotificationsViewController.swift */ = {isa = PBXFileReference; lastKnownFileType = sourcecode.swift; path = NotificationsViewController.swift; sourceTree = "<group>"; };
		35C8F3D22C85B56800123A91 /* DirectMessagesViewController.swift */ = {isa = PBXFileReference; lastKnownFileType = sourcecode.swift; path = DirectMessagesViewController.swift; sourceTree = "<group>"; };
		35C8F3D62C85BC1300123A91 /* TweetTableViewCell.swift */ = {isa = PBXFileReference; lastKnownFileType = sourcecode.swift; path = TweetTableViewCell.swift; sourceTree = "<group>"; };
		35C8F3D92C85D99E00123A91 /* ProfileViewController.swift */ = {isa = PBXFileReference; lastKnownFileType = sourcecode.swift; path = ProfileViewController.swift; sourceTree = "<group>"; };
		35C8F3DB2C85DC6700123A91 /* ProfileTableViewHeader.swift */ = {isa = PBXFileReference; lastKnownFileType = sourcecode.swift; path = ProfileTableViewHeader.swift; sourceTree = "<group>"; };
		35C8F3DD2C870C7900123A91 /* GoogleService-Info.plist */ = {isa = PBXFileReference; fileEncoding = 4; lastKnownFileType = text.plist.xml; path = "GoogleService-Info.plist"; sourceTree = "<group>"; };
		35C8F4102C87115900123A91 /* OnboardingViewController.swift */ = {isa = PBXFileReference; lastKnownFileType = sourcecode.swift; path = OnboardingViewController.swift; sourceTree = "<group>"; };
/* End PBXFileReference section */

/* Begin PBXFrameworksBuildPhase section */
		35C8F3AC2C85B16000123A91 /* Frameworks */ = {
			isa = PBXFrameworksBuildPhase;
			buildActionMask = 2147483647;
			files = (
				35C8F40B2C870D8100123A91 /* FirebaseStorageCombine-Community in Frameworks */,
				35C8F3EB2C870D8100123A91 /* FirebaseAuth in Frameworks */,
				35C8F3F12C870D8100123A91 /* FirebaseDatabase in Frameworks */,
				35C8F3ED2C870D8100123A91 /* FirebaseAuthCombine-Community in Frameworks */,
				35C8F4092C870D8100123A91 /* FirebaseStorage in Frameworks */,
				35C8F3F72C870D8100123A91 /* FirebaseFirestoreCombine-Community in Frameworks */,
				35C8F3F52C870D8100123A91 /* FirebaseFirestore in Frameworks */,
			);
			runOnlyForDeploymentPostprocessing = 0;
		};
/* End PBXFrameworksBuildPhase section */

/* Begin PBXGroup section */
		35C8F3A62C85B16000123A91 = {
			isa = PBXGroup;
			children = (
				35C8F3B12C85B16000123A91 /* Twitter-Clone */,
				35C8F3B02C85B16000123A91 /* Products */,
			);
			sourceTree = "<group>";
		};
		35C8F3B02C85B16000123A91 /* Products */ = {
			isa = PBXGroup;
			children = (
				35C8F3AF2C85B16000123A91 /* Twitter-Clone.app */,
			);
			name = Products;
			sourceTree = "<group>";
		};
		35C8F3B12C85B16000123A91 /* Twitter-Clone */ = {
			isa = PBXGroup;
			children = (
				35C8F3C72C85B41000123A91 /* Modules */,
				35C8F3C62C85B40200123A91 /* Application */,
				35C8F3BB2C85B16100123A91 /* Assets.xcassets */,
			);
			path = "Twitter-Clone";
			sourceTree = "<group>";
		};
		35C8F3C62C85B40200123A91 /* Application */ = {
			isa = PBXGroup;
			children = (
				35C8F3DD2C870C7900123A91 /* GoogleService-Info.plist */,
				35C8F3C02C85B16100123A91 /* Info.plist */,
				35C8F3B22C85B16000123A91 /* AppDelegate.swift */,
				35C8F3B42C85B16000123A91 /* SceneDelegate.swift */,
				35C8F3BD2C85B16100123A91 /* LaunchScreen.storyboard */,
			);
			path = Application;
			sourceTree = "<group>";
		};
		35C8F3C72C85B41000123A91 /* Modules */ = {
			isa = PBXGroup;
			children = (
				35C8F40F2C87113E00123A91 /* Onboarding */,
				35C8F3D82C85D98700123A91 /* Profile */,
				35C8F3D52C85BBFE00123A91 /* TweetCell */,
				35C8F3D42C85B82800123A91 /* MainTabBar */,
				35C8F3D12C85B55600123A91 /* DirectMessages */,
				35C8F3CE2C85B54700123A91 /* Notifications */,
				35C8F3CB2C85B52F00123A91 /* Search */,
				35C8F3C82C85B41400123A91 /* Home */,
			);
			path = Modules;
			sourceTree = "<group>";
		};
		35C8F3C82C85B41400123A91 /* Home */ = {
			isa = PBXGroup;
			children = (
				35C8F3C92C85B42000123A91 /* HomeViewController.swift */,
			);
			path = Home;
			sourceTree = "<group>";
		};
		35C8F3CB2C85B52F00123A91 /* Search */ = {
			isa = PBXGroup;
			children = (
				35C8F3CC2C85B53B00123A91 /* SearchViewController.swift */,
			);
			path = Search;
			sourceTree = "<group>";
		};
		35C8F3CE2C85B54700123A91 /* Notifications */ = {
			isa = PBXGroup;
			children = (
				35C8F3CF2C85B55300123A91 /* NotificationsViewController.swift */,
			);
			path = Notifications;
			sourceTree = "<group>";
		};
		35C8F3D12C85B55600123A91 /* DirectMessages */ = {
			isa = PBXGroup;
			children = (
				35C8F3D22C85B56800123A91 /* DirectMessagesViewController.swift */,
			);
			path = DirectMessages;
			sourceTree = "<group>";
		};
		35C8F3D42C85B82800123A91 /* MainTabBar */ = {
			isa = PBXGroup;
			children = (
				35C8F3B62C85B16000123A91 /* MainTabBarViewController.swift */,
			);
			path = MainTabBar;
			sourceTree = "<group>";
		};
		35C8F3D52C85BBFE00123A91 /* TweetCell */ = {
			isa = PBXGroup;
			children = (
				35C8F3D62C85BC1300123A91 /* TweetTableViewCell.swift */,
			);
			path = TweetCell;
			sourceTree = "<group>";
		};
		35C8F3D82C85D98700123A91 /* Profile */ = {
			isa = PBXGroup;
			children = (
				35C8F3D92C85D99E00123A91 /* ProfileViewController.swift */,
				35C8F3DB2C85DC6700123A91 /* ProfileTableViewHeader.swift */,
			);
			path = Profile;
			sourceTree = "<group>";
		};
		35C8F40F2C87113E00123A91 /* Onboarding */ = {
			isa = PBXGroup;
			children = (
				35C8F4102C87115900123A91 /* OnboardingViewController.swift */,
			);
			path = Onboarding;
			sourceTree = "<group>";
		};
/* End PBXGroup section */

/* Begin PBXNativeTarget section */
		35C8F3AE2C85B16000123A91 /* Twitter-Clone */ = {
			isa = PBXNativeTarget;
			buildConfigurationList = 35C8F3C32C85B16100123A91 /* Build configuration list for PBXNativeTarget "Twitter-Clone" */;
			buildPhases = (
				35C8F3AB2C85B16000123A91 /* Sources */,
				35C8F3AC2C85B16000123A91 /* Frameworks */,
				35C8F3AD2C85B16000123A91 /* Resources */,
			);
			buildRules = (
			);
			dependencies = (
			);
			name = "Twitter-Clone";
			packageProductDependencies = (
				35C8F3EA2C870D8100123A91 /* FirebaseAuth */,
				35C8F3EC2C870D8100123A91 /* FirebaseAuthCombine-Community */,
				35C8F3F02C870D8100123A91 /* FirebaseDatabase */,
				35C8F3F42C870D8100123A91 /* FirebaseFirestore */,
				35C8F3F62C870D8100123A91 /* FirebaseFirestoreCombine-Community */,
				35C8F4082C870D8100123A91 /* FirebaseStorage */,
				35C8F40A2C870D8100123A91 /* FirebaseStorageCombine-Community */,
			);
			productName = "Twitter-Clone";
			productReference = 35C8F3AF2C85B16000123A91 /* Twitter-Clone.app */;
			productType = "com.apple.product-type.application";
		};
/* End PBXNativeTarget section */

/* Begin PBXProject section */
		35C8F3A72C85B16000123A91 /* Project object */ = {
			isa = PBXProject;
			attributes = {
				BuildIndependentTargetsInParallel = 1;
				LastSwiftUpdateCheck = 1520;
				LastUpgradeCheck = 1520;
				TargetAttributes = {
					35C8F3AE2C85B16000123A91 = {
						CreatedOnToolsVersion = 15.2;
					};
				};
			};
			buildConfigurationList = 35C8F3AA2C85B16000123A91 /* Build configuration list for PBXProject "Twitter-Clone" */;
			compatibilityVersion = "Xcode 14.0";
			developmentRegion = en;
			hasScannedForEncodings = 0;
			knownRegions = (
				en,
				Base,
			);
			mainGroup = 35C8F3A62C85B16000123A91;
			packageReferences = (
				35C8F3DF2C870D8100123A91 /* XCRemoteSwiftPackageReference "firebase-ios-sdk" */,
			);
			productRefGroup = 35C8F3B02C85B16000123A91 /* Products */;
			projectDirPath = "";
			projectRoot = "";
			targets = (
				35C8F3AE2C85B16000123A91 /* Twitter-Clone */,
			);
		};
/* End PBXProject section */

/* Begin PBXResourcesBuildPhase section */
		35C8F3AD2C85B16000123A91 /* Resources */ = {
			isa = PBXResourcesBuildPhase;
			buildActionMask = 2147483647;
			files = (
				35C8F3BF2C85B16100123A91 /* LaunchScreen.storyboard in Resources */,
				35C8F3BC2C85B16100123A91 /* Assets.xcassets in Resources */,
				35C8F3DE2C870C7900123A91 /* GoogleService-Info.plist in Resources */,
			);
			runOnlyForDeploymentPostprocessing = 0;
		};
/* End PBXResourcesBuildPhase section */

/* Begin PBXSourcesBuildPhase section */
		35C8F3AB2C85B16000123A91 /* Sources */ = {
			isa = PBXSourcesBuildPhase;
			buildActionMask = 2147483647;
			files = (
				35C8F3CD2C85B53B00123A91 /* SearchViewController.swift in Sources */,
				35C8F3B72C85B16000123A91 /* MainTabBarViewController.swift in Sources */,
				35C8F3B32C85B16000123A91 /* AppDelegate.swift in Sources */,
				35C8F3D02C85B55300123A91 /* NotificationsViewController.swift in Sources */,
				35C8F3B52C85B16000123A91 /* SceneDelegate.swift in Sources */,
				35C8F3CA2C85B42000123A91 /* HomeViewController.swift in Sources */,
				35C8F3DA2C85D99E00123A91 /* ProfileViewController.swift in Sources */,
				35C8F3D32C85B56800123A91 /* DirectMessagesViewController.swift in Sources */,
				35C8F3DC2C85DC6700123A91 /* ProfileTableViewHeader.swift in Sources */,
				35C8F4112C87115900123A91 /* OnboardingViewController.swift in Sources */,
				35C8F3D72C85BC1300123A91 /* TweetTableViewCell.swift in Sources */,
			);
			runOnlyForDeploymentPostprocessing = 0;
		};
/* End PBXSourcesBuildPhase section */

/* Begin PBXVariantGroup section */
		35C8F3BD2C85B16100123A91 /* LaunchScreen.storyboard */ = {
			isa = PBXVariantGroup;
			children = (
				35C8F3BE2C85B16100123A91 /* Base */,
			);
			name = LaunchScreen.storyboard;
			sourceTree = "<group>";
		};
/* End PBXVariantGroup section */

/* Begin XCBuildConfiguration section */
		35C8F3C12C85B16100123A91 /* Debug */ = {
			isa = XCBuildConfiguration;
			buildSettings = {
				ALWAYS_SEARCH_USER_PATHS = NO;
				ASSETCATALOG_COMPILER_GENERATE_SWIFT_ASSET_SYMBOL_EXTENSIONS = YES;
				CLANG_ANALYZER_NONNULL = YES;
				CLANG_ANALYZER_NUMBER_OBJECT_CONVERSION = YES_AGGRESSIVE;
				CLANG_CXX_LANGUAGE_STANDARD = "gnu++20";
				CLANG_ENABLE_MODULES = YES;
				CLANG_ENABLE_OBJC_ARC = YES;
				CLANG_ENABLE_OBJC_WEAK = YES;
				CLANG_WARN_BLOCK_CAPTURE_AUTORELEASING = YES;
				CLANG_WARN_BOOL_CONVERSION = YES;
				CLANG_WARN_COMMA = YES;
				CLANG_WARN_CONSTANT_CONVERSION = YES;
				CLANG_WARN_DEPRECATED_OBJC_IMPLEMENTATIONS = YES;
				CLANG_WARN_DIRECT_OBJC_ISA_USAGE = YES_ERROR;
				CLANG_WARN_DOCUMENTATION_COMMENTS = YES;
				CLANG_WARN_EMPTY_BODY = YES;
				CLANG_WARN_ENUM_CONVERSION = YES;
				CLANG_WARN_INFINITE_RECURSION = YES;
				CLANG_WARN_INT_CONVERSION = YES;
				CLANG_WARN_NON_LITERAL_NULL_CONVERSION = YES;
				CLANG_WARN_OBJC_IMPLICIT_RETAIN_SELF = YES;
				CLANG_WARN_OBJC_LITERAL_CONVERSION = YES;
				CLANG_WARN_OBJC_ROOT_CLASS = YES_ERROR;
				CLANG_WARN_QUOTED_INCLUDE_IN_FRAMEWORK_HEADER = YES;
				CLANG_WARN_RANGE_LOOP_ANALYSIS = YES;
				CLANG_WARN_STRICT_PROTOTYPES = YES;
				CLANG_WARN_SUSPICIOUS_MOVE = YES;
				CLANG_WARN_UNGUARDED_AVAILABILITY = YES_AGGRESSIVE;
				CLANG_WARN_UNREACHABLE_CODE = YES;
				CLANG_WARN__DUPLICATE_METHOD_MATCH = YES;
				COPY_PHASE_STRIP = NO;
				DEBUG_INFORMATION_FORMAT = dwarf;
				ENABLE_STRICT_OBJC_MSGSEND = YES;
				ENABLE_TESTABILITY = YES;
				ENABLE_USER_SCRIPT_SANDBOXING = YES;
				GCC_C_LANGUAGE_STANDARD = gnu17;
				GCC_DYNAMIC_NO_PIC = NO;
				GCC_NO_COMMON_BLOCKS = YES;
				GCC_OPTIMIZATION_LEVEL = 0;
				GCC_PREPROCESSOR_DEFINITIONS = (
					"DEBUG=1",
					"$(inherited)",
				);
				GCC_WARN_64_TO_32_BIT_CONVERSION = YES;
				GCC_WARN_ABOUT_RETURN_TYPE = YES_ERROR;
				GCC_WARN_UNDECLARED_SELECTOR = YES;
				GCC_WARN_UNINITIALIZED_AUTOS = YES_AGGRESSIVE;
				GCC_WARN_UNUSED_FUNCTION = YES;
				GCC_WARN_UNUSED_VARIABLE = YES;
				IPHONEOS_DEPLOYMENT_TARGET = 17.2;
				LOCALIZATION_PREFERS_STRING_CATALOGS = YES;
				MTL_ENABLE_DEBUG_INFO = INCLUDE_SOURCE;
				MTL_FAST_MATH = YES;
				ONLY_ACTIVE_ARCH = YES;
				SDKROOT = iphoneos;
				SWIFT_ACTIVE_COMPILATION_CONDITIONS = "DEBUG $(inherited)";
				SWIFT_OPTIMIZATION_LEVEL = "-Onone";
			};
			name = Debug;
		};
		35C8F3C22C85B16100123A91 /* Release */ = {
			isa = XCBuildConfiguration;
			buildSettings = {
				ALWAYS_SEARCH_USER_PATHS = NO;
				ASSETCATALOG_COMPILER_GENERATE_SWIFT_ASSET_SYMBOL_EXTENSIONS = YES;
				CLANG_ANALYZER_NONNULL = YES;
				CLANG_ANALYZER_NUMBER_OBJECT_CONVERSION = YES_AGGRESSIVE;
				CLANG_CXX_LANGUAGE_STANDARD = "gnu++20";
				CLANG_ENABLE_MODULES = YES;
				CLANG_ENABLE_OBJC_ARC = YES;
				CLANG_ENABLE_OBJC_WEAK = YES;
				CLANG_WARN_BLOCK_CAPTURE_AUTORELEASING = YES;
				CLANG_WARN_BOOL_CONVERSION = YES;
				CLANG_WARN_COMMA = YES;
				CLANG_WARN_CONSTANT_CONVERSION = YES;
				CLANG_WARN_DEPRECATED_OBJC_IMPLEMENTATIONS = YES;
				CLANG_WARN_DIRECT_OBJC_ISA_USAGE = YES_ERROR;
				CLANG_WARN_DOCUMENTATION_COMMENTS = YES;
				CLANG_WARN_EMPTY_BODY = YES;
				CLANG_WARN_ENUM_CONVERSION = YES;
				CLANG_WARN_INFINITE_RECURSION = YES;
				CLANG_WARN_INT_CONVERSION = YES;
				CLANG_WARN_NON_LITERAL_NULL_CONVERSION = YES;
				CLANG_WARN_OBJC_IMPLICIT_RETAIN_SELF = YES;
				CLANG_WARN_OBJC_LITERAL_CONVERSION = YES;
				CLANG_WARN_OBJC_ROOT_CLASS = YES_ERROR;
				CLANG_WARN_QUOTED_INCLUDE_IN_FRAMEWORK_HEADER = YES;
				CLANG_WARN_RANGE_LOOP_ANALYSIS = YES;
				CLANG_WARN_STRICT_PROTOTYPES = YES;
				CLANG_WARN_SUSPICIOUS_MOVE = YES;
				CLANG_WARN_UNGUARDED_AVAILABILITY = YES_AGGRESSIVE;
				CLANG_WARN_UNREACHABLE_CODE = YES;
				CLANG_WARN__DUPLICATE_METHOD_MATCH = YES;
				COPY_PHASE_STRIP = NO;
				DEBUG_INFORMATION_FORMAT = "dwarf-with-dsym";
				ENABLE_NS_ASSERTIONS = NO;
				ENABLE_STRICT_OBJC_MSGSEND = YES;
				ENABLE_USER_SCRIPT_SANDBOXING = YES;
				GCC_C_LANGUAGE_STANDARD = gnu17;
				GCC_NO_COMMON_BLOCKS = YES;
				GCC_WARN_64_TO_32_BIT_CONVERSION = YES;
				GCC_WARN_ABOUT_RETURN_TYPE = YES_ERROR;
				GCC_WARN_UNDECLARED_SELECTOR = YES;
				GCC_WARN_UNINITIALIZED_AUTOS = YES_AGGRESSIVE;
				GCC_WARN_UNUSED_FUNCTION = YES;
				GCC_WARN_UNUSED_VARIABLE = YES;
				IPHONEOS_DEPLOYMENT_TARGET = 17.2;
				LOCALIZATION_PREFERS_STRING_CATALOGS = YES;
				MTL_ENABLE_DEBUG_INFO = NO;
				MTL_FAST_MATH = YES;
				SDKROOT = iphoneos;
				SWIFT_COMPILATION_MODE = wholemodule;
				VALIDATE_PRODUCT = YES;
			};
			name = Release;
		};
		35C8F3C42C85B16100123A91 /* Debug */ = {
			isa = XCBuildConfiguration;
			buildSettings = {
				ASSETCATALOG_COMPILER_APPICON_NAME = AppIcon;
				ASSETCATALOG_COMPILER_GLOBAL_ACCENT_COLOR_NAME = AccentColor;
				CODE_SIGN_STYLE = Automatic;
				CURRENT_PROJECT_VERSION = 1;
				DEVELOPMENT_TEAM = RP5XZC93SV;
				GENERATE_INFOPLIST_FILE = YES;
				INFOPLIST_FILE = "Twitter-Clone/Application/Info.plist";
				INFOPLIST_KEY_UIApplicationSupportsIndirectInputEvents = YES;
				INFOPLIST_KEY_UILaunchStoryboardName = LaunchScreen;
				INFOPLIST_KEY_UISupportedInterfaceOrientations_iPad = "UIInterfaceOrientationPortrait UIInterfaceOrientationPortraitUpsideDown UIInterfaceOrientationLandscapeLeft UIInterfaceOrientationLandscapeRight";
				INFOPLIST_KEY_UISupportedInterfaceOrientations_iPhone = "UIInterfaceOrientationPortrait UIInterfaceOrientationLandscapeLeft UIInterfaceOrientationLandscapeRight";
				LD_RUNPATH_SEARCH_PATHS = (
					"$(inherited)",
					"@executable_path/Frameworks",
				);
				MARKETING_VERSION = 1.0;
				PRODUCT_BUNDLE_IDENTIFIER = "malicelebi.Twitter-Clone";
				PRODUCT_NAME = "$(TARGET_NAME)";
				SWIFT_EMIT_LOC_STRINGS = YES;
				SWIFT_VERSION = 5.0;
				TARGETED_DEVICE_FAMILY = "1,2";
			};
			name = Debug;
		};
		35C8F3C52C85B16100123A91 /* Release */ = {
			isa = XCBuildConfiguration;
			buildSettings = {
				ASSETCATALOG_COMPILER_APPICON_NAME = AppIcon;
				ASSETCATALOG_COMPILER_GLOBAL_ACCENT_COLOR_NAME = AccentColor;
				CODE_SIGN_STYLE = Automatic;
				CURRENT_PROJECT_VERSION = 1;
				DEVELOPMENT_TEAM = RP5XZC93SV;
				GENERATE_INFOPLIST_FILE = YES;
				INFOPLIST_FILE = "Twitter-Clone/Application/Info.plist";
				INFOPLIST_KEY_UIApplicationSupportsIndirectInputEvents = YES;
				INFOPLIST_KEY_UILaunchStoryboardName = LaunchScreen;
				INFOPLIST_KEY_UISupportedInterfaceOrientations_iPad = "UIInterfaceOrientationPortrait UIInterfaceOrientationPortraitUpsideDown UIInterfaceOrientationLandscapeLeft UIInterfaceOrientationLandscapeRight";
				INFOPLIST_KEY_UISupportedInterfaceOrientations_iPhone = "UIInterfaceOrientationPortrait UIInterfaceOrientationLandscapeLeft UIInterfaceOrientationLandscapeRight";
				LD_RUNPATH_SEARCH_PATHS = (
					"$(inherited)",
					"@executable_path/Frameworks",
				);
				MARKETING_VERSION = 1.0;
				PRODUCT_BUNDLE_IDENTIFIER = "malicelebi.Twitter-Clone";
				PRODUCT_NAME = "$(TARGET_NAME)";
				SWIFT_EMIT_LOC_STRINGS = YES;
				SWIFT_VERSION = 5.0;
				TARGETED_DEVICE_FAMILY = "1,2";
			};
			name = Release;
		};
/* End XCBuildConfiguration section */

/* Begin XCConfigurationList section */
		35C8F3AA2C85B16000123A91 /* Build configuration list for PBXProject "Twitter-Clone" */ = {
			isa = XCConfigurationList;
			buildConfigurations = (
				35C8F3C12C85B16100123A91 /* Debug */,
				35C8F3C22C85B16100123A91 /* Release */,
			);
			defaultConfigurationIsVisible = 0;
			defaultConfigurationName = Release;
		};
		35C8F3C32C85B16100123A91 /* Build configuration list for PBXNativeTarget "Twitter-Clone" */ = {
			isa = XCConfigurationList;
			buildConfigurations = (
				35C8F3C42C85B16100123A91 /* Debug */,
				35C8F3C52C85B16100123A91 /* Release */,
			);
			defaultConfigurationIsVisible = 0;
			defaultConfigurationName = Release;
		};
/* End XCConfigurationList section */

/* Begin XCRemoteSwiftPackageReference section */
		35C8F3DF2C870D8100123A91 /* XCRemoteSwiftPackageReference "firebase-ios-sdk" */ = {
			isa = XCRemoteSwiftPackageReference;
			repositoryURL = "https://github.com/firebase/firebase-ios-sdk";
			requirement = {
				kind = upToNextMajorVersion;
				minimumVersion = 11.1.0;
			};
		};
/* End XCRemoteSwiftPackageReference section */

/* Begin XCSwiftPackageProductDependency section */
		35C8F3EA2C870D8100123A91 /* FirebaseAuth */ = {
			isa = XCSwiftPackageProductDependency;
			package = 35C8F3DF2C870D8100123A91 /* XCRemoteSwiftPackageReference "firebase-ios-sdk" */;
			productName = FirebaseAuth;
		};
		35C8F3EC2C870D8100123A91 /* FirebaseAuthCombine-Community */ = {
			isa = XCSwiftPackageProductDependency;
			package = 35C8F3DF2C870D8100123A91 /* XCRemoteSwiftPackageReference "firebase-ios-sdk" */;
			productName = "FirebaseAuthCombine-Community";
		};
		35C8F3F02C870D8100123A91 /* FirebaseDatabase */ = {
			isa = XCSwiftPackageProductDependency;
			package = 35C8F3DF2C870D8100123A91 /* XCRemoteSwiftPackageReference "firebase-ios-sdk" */;
			productName = FirebaseDatabase;
		};
		35C8F3F42C870D8100123A91 /* FirebaseFirestore */ = {
			isa = XCSwiftPackageProductDependency;
			package = 35C8F3DF2C870D8100123A91 /* XCRemoteSwiftPackageReference "firebase-ios-sdk" */;
			productName = FirebaseFirestore;
		};
		35C8F3F62C870D8100123A91 /* FirebaseFirestoreCombine-Community */ = {
			isa = XCSwiftPackageProductDependency;
			package = 35C8F3DF2C870D8100123A91 /* XCRemoteSwiftPackageReference "firebase-ios-sdk" */;
			productName = "FirebaseFirestoreCombine-Community";
		};
		35C8F4082C870D8100123A91 /* FirebaseStorage */ = {
			isa = XCSwiftPackageProductDependency;
			package = 35C8F3DF2C870D8100123A91 /* XCRemoteSwiftPackageReference "firebase-ios-sdk" */;
			productName = FirebaseStorage;
		};
		35C8F40A2C870D8100123A91 /* FirebaseStorageCombine-Community */ = {
			isa = XCSwiftPackageProductDependency;
			package = 35C8F3DF2C870D8100123A91 /* XCRemoteSwiftPackageReference "firebase-ios-sdk" */;
			productName = "FirebaseStorageCombine-Community";
		};
/* End XCSwiftPackageProductDependency section */
	};
	rootObject = 35C8F3A72C85B16000123A91 /* Project object */;
}
